<?xml version="1.0" encoding="utf-8"?>
<Project ToolsVersion="4.0" xmlns="http://schemas.microsoft.com/developer/msbuild/2003">
  <ItemGroup>
    <Filter Include="Header Files">
      <UniqueIdentifier>{de5a763b-f438-48dc-a59b-dc4eb6f91a05}</UniqueIdentifier>
    </Filter>
    <Filter Include="Source Files">
      <UniqueIdentifier>{5e7696c7-398f-49b8-ae4b-8d4ac284d90c}</UniqueIdentifier>
    </Filter>
  </ItemGroup>
  <ItemGroup>
    <ClInclude Include="API.h">
      <Filter>Header Files</Filter>
    </ClInclude>
    <ClInclude Include="Constants.h">
      <Filter>Header Files</Filter>
    </ClInclude>
    <ClInclude Include="Locations.h">
      <Filter>Header Files</Filter>
    </ClInclude>
    <ClInclude Include="Weather.h">
      <Filter>Header Files</Filter>
    </ClInclude>
    <ClInclude Include="AirQuality.h">
      <Filter>Header Files</Filter>
    </ClInclude>
    <ClInclude Include="ForecastWeather.h">
      <Filter>Header Files</Filter>
    </ClInclude>
    <ClInclude Include="HistoricalWeather.h">
      <Filter>Header Files</Filter>
    </ClInclude>
  </ItemGroup>
  <ItemGroup>
    <ClCompile Include="main.cpp">
      <Filter>Source Files</Filter>
    </ClCompile>
    <ClCompile Include="API.cpp">
      <Filter>Source Files</Filter>
    </ClCompile>
    <ClCompile Include="Locations.cpp">
      <Filter>Source Files</Filter>
    </ClCompile>
    <ClCompile Include="Weather.cpp">
      <Filter>Source Files</Filter>
    </ClCompile>
    <ClCompile Include="HistoricalWeather.cpp">
      <Filter>Source Files</Filter>
    </ClCompile>
    <ClCompile Include="ForecastWeather.cpp">
      <Filter>Source Files</Filter>
    </ClCompile>
    <ClCompile Include="AirQuality.cpp">
      <Filter>Source Files</Filter>
    </ClCompile>
  </ItemGroup>
  <ItemGroup>
    <None Include="packages.config" />
  </ItemGroup>
</Project>